
Microsoft Visual Studio Solution File, Format Version 12.00
# Visual Studio Version 17
VisualStudioVersion = 17.13.36105.23 d17.13
MinimumVisualStudioVersion = 10.0.40219.1
Project("{FAE04EC0-301F-11D3-BF4B-00C04F79EFBC}") = "User.Api", "User.Api\User.Api.csproj", "{DA4F292B-D8F0-44A1-8171-5F92194F9F14}"
EndProject
Project("{E53339B2-1760-4266-BCC7-CA923CBCF16C}") = "docker-compose", "docker-compose.dcproj", "{81DDED9D-158B-E303-5F62-77A2896D2A5A}"
EndProject
Project("{2150E333-8FDC-42A3-9474-1A3956D46DE8}") = "User", "User", "{02EA681E-C7D8-13C7-8484-4AC65E1B71E8}"
EndProject
Project("{FAE04EC0-301F-11D3-BF4B-00C04F79EFBC}") = "User.Domain", "User.Domain\User.Domain.csproj", "{0A3BD7C0-7768-475D-A6E1-37A4F5C5F593}"
EndProject
Project("{FAE04EC0-301F-11D3-BF4B-00C04F79EFBC}") = "User.Application", "User.Application\User.Application.csproj", "{5883FADC-9250-438F-8B3F-5767A5D9C270}"
EndProject
Project("{FAE04EC0-301F-11D3-BF4B-00C04F79EFBC}") = "User.Infrastructure", "User.Infrastructure\User.Infrastructure.csproj", "{DDA00602-E2BE-4FDC-9362-F880329B00E7}"
EndProject
Project("{FAE04EC0-301F-11D3-BF4B-00C04F79EFBC}") = "User.Tests", "User.Tests\User.Tests.csproj", "{F4926E7B-659C-4D87-8BA5-D299A7CEB843}"
EndProject
Project("{2150E333-8FDC-42A3-9474-1A3956D46DE8}") = "Donate", "Donate", "{D4322CE5-E488-400B-940B-80E161D2AC79}"
EndProject
Project("{FAE04EC0-301F-11D3-BF4B-00C04F79EFBC}") = "Donate.Api", "Donate.Api\Donate.Api.csproj", "{2AA683F4-EBE9-4048-BD70-8134A9C3C8D5}"
EndProject
Project("{FAE04EC0-301F-11D3-BF4B-00C04F79EFBC}") = "Donate.Tests", "Donate.Tests\Donate.Tests.csproj", "{D4B1DCEA-1E20-490E-B491-B76749DE95B4}"
EndProject
Project("{FAE04EC0-301F-11D3-BF4B-00C04F79EFBC}") = "Donate.Application", "Donate.Application\Donate.Application.csproj", "{C366CC76-FABE-424E-85A5-CA37C16C3EDB}"
EndProject
Project("{FAE04EC0-301F-11D3-BF4B-00C04F79EFBC}") = "Donate.Domain", "Donate.Domain\Donate.Domain.csproj", "{74DF6086-367B-438F-943B-AF41BB4B2858}"
EndProject
Project("{FAE04EC0-301F-11D3-BF4B-00C04F79EFBC}") = "User.Worker", "User.Worker\User.Worker.csproj", "{897DDAE2-9397-4CB2-B0CD-2FDAE7C4964D}"
EndProject
Project("{FAE04EC0-301F-11D3-BF4B-00C04F79EFBC}") = "Donate.Infrastructure", "Donate.Infrastructure\Donate.Infrastructure.csproj", "{66D5603A-45B3-48E5-B650-FD3F5F01BF9F}"
EndProject
Project("{FAE04EC0-301F-11D3-BF4B-00C04F79EFBC}") = "Donate.Worker", "Donate.Worker\Donate.Worker.csproj", "{7E06C767-87E2-4FF7-BC03-5600828543D7}"
EndProject
Project("{FAE04EC0-301F-11D3-BF4B-00C04F79EFBC}") = "Shared", "Shared\Shared.csproj", "{B265A679-797C-4CB5-88DE-7940FC7E2E52}"
EndProject
Global
	GlobalSection(SolutionConfigurationPlatforms) = preSolution
		Debug|Any CPU = Debug|Any CPU
		Release|Any CPU = Release|Any CPU
	EndGlobalSection
	GlobalSection(ProjectConfigurationPlatforms) = postSolution
		{DA4F292B-D8F0-44A1-8171-5F92194F9F14}.Debug|Any CPU.ActiveCfg = Debug|Any CPU
		{DA4F292B-D8F0-44A1-8171-5F92194F9F14}.Debug|Any CPU.Build.0 = Debug|Any CPU
		{DA4F292B-D8F0-44A1-8171-5F92194F9F14}.Release|Any CPU.ActiveCfg = Release|Any CPU
		{DA4F292B-D8F0-44A1-8171-5F92194F9F14}.Release|Any CPU.Build.0 = Release|Any CPU
		{81DDED9D-158B-E303-5F62-77A2896D2A5A}.Debug|Any CPU.ActiveCfg = Debug|Any CPU
		{81DDED9D-158B-E303-5F62-77A2896D2A5A}.Debug|Any CPU.Build.0 = Debug|Any CPU
		{81DDED9D-158B-E303-5F62-77A2896D2A5A}.Release|Any CPU.ActiveCfg = Release|Any CPU
		{81DDED9D-158B-E303-5F62-77A2896D2A5A}.Release|Any CPU.Build.0 = Release|Any CPU
		{0A3BD7C0-7768-475D-A6E1-37A4F5C5F593}.Debug|Any CPU.ActiveCfg = Debug|Any CPU
		{0A3BD7C0-7768-475D-A6E1-37A4F5C5F593}.Debug|Any CPU.Build.0 = Debug|Any CPU
		{0A3BD7C0-7768-475D-A6E1-37A4F5C5F593}.Release|Any CPU.ActiveCfg = Release|Any CPU
		{0A3BD7C0-7768-475D-A6E1-37A4F5C5F593}.Release|Any CPU.Build.0 = Release|Any CPU
		{5883FADC-9250-438F-8B3F-5767A5D9C270}.Debug|Any CPU.ActiveCfg = Debug|Any CPU
		{5883FADC-9250-438F-8B3F-5767A5D9C270}.Debug|Any CPU.Build.0 = Debug|Any CPU
		{5883FADC-9250-438F-8B3F-5767A5D9C270}.Release|Any CPU.ActiveCfg = Release|Any CPU
		{5883FADC-9250-438F-8B3F-5767A5D9C270}.Release|Any CPU.Build.0 = Release|Any CPU
		{DDA00602-E2BE-4FDC-9362-F880329B00E7}.Debug|Any CPU.ActiveCfg = Debug|Any CPU
		{DDA00602-E2BE-4FDC-9362-F880329B00E7}.Debug|Any CPU.Build.0 = Debug|Any CPU
		{DDA00602-E2BE-4FDC-9362-F880329B00E7}.Release|Any CPU.ActiveCfg = Release|Any CPU
		{DDA00602-E2BE-4FDC-9362-F880329B00E7}.Release|Any CPU.Build.0 = Release|Any CPU
		{F4926E7B-659C-4D87-8BA5-D299A7CEB843}.Debug|Any CPU.ActiveCfg = Debug|Any CPU
		{F4926E7B-659C-4D87-8BA5-D299A7CEB843}.Debug|Any CPU.Build.0 = Debug|Any CPU
		{F4926E7B-659C-4D87-8BA5-D299A7CEB843}.Release|Any CPU.ActiveCfg = Release|Any CPU
		{F4926E7B-659C-4D87-8BA5-D299A7CEB843}.Release|Any CPU.Build.0 = Release|Any CPU
		{2AA683F4-EBE9-4048-BD70-8134A9C3C8D5}.Debug|Any CPU.ActiveCfg = Debug|Any CPU
		{2AA683F4-EBE9-4048-BD70-8134A9C3C8D5}.Debug|Any CPU.Build.0 = Debug|Any CPU
		{2AA683F4-EBE9-4048-BD70-8134A9C3C8D5}.Release|Any CPU.ActiveCfg = Release|Any CPU
		{2AA683F4-EBE9-4048-BD70-8134A9C3C8D5}.Release|Any CPU.Build.0 = Release|Any CPU
		{D4B1DCEA-1E20-490E-B491-B76749DE95B4}.Debug|Any CPU.ActiveCfg = Debug|Any CPU
		{D4B1DCEA-1E20-490E-B491-B76749DE95B4}.Debug|Any CPU.Build.0 = Debug|Any CPU
		{D4B1DCEA-1E20-490E-B491-B76749DE95B4}.Release|Any CPU.ActiveCfg = Release|Any CPU
		{D4B1DCEA-1E20-490E-B491-B76749DE95B4}.Release|Any CPU.Build.0 = Release|Any CPU
		{C366CC76-FABE-424E-85A5-CA37C16C3EDB}.Debug|Any CPU.ActiveCfg = Debug|Any CPU
		{C366CC76-FABE-424E-85A5-CA37C16C3EDB}.Debug|Any CPU.Build.0 = Debug|Any CPU
		{C366CC76-FABE-424E-85A5-CA37C16C3EDB}.Release|Any CPU.ActiveCfg = Release|Any CPU
		{C366CC76-FABE-424E-85A5-CA37C16C3EDB}.Release|Any CPU.Build.0 = Release|Any CPU
		{74DF6086-367B-438F-943B-AF41BB4B2858}.Debug|Any CPU.ActiveCfg = Debug|Any CPU
		{74DF6086-367B-438F-943B-AF41BB4B2858}.Debug|Any CPU.Build.0 = Debug|Any CPU
		{74DF6086-367B-438F-943B-AF41BB4B2858}.Release|Any CPU.ActiveCfg = Release|Any CPU
		{74DF6086-367B-438F-943B-AF41BB4B2858}.Release|Any CPU.Build.0 = Release|Any CPU
		{897DDAE2-9397-4CB2-B0CD-2FDAE7C4964D}.Debug|Any CPU.ActiveCfg = Debug|Any CPU
		{897DDAE2-9397-4CB2-B0CD-2FDAE7C4964D}.Debug|Any CPU.Build.0 = Debug|Any CPU
		{897DDAE2-9397-4CB2-B0CD-2FDAE7C4964D}.Release|Any CPU.ActiveCfg = Release|Any CPU
		{897DDAE2-9397-4CB2-B0CD-2FDAE7C4964D}.Release|Any CPU.Build.0 = Release|Any CPU
		{66D5603A-45B3-48E5-B650-FD3F5F01BF9F}.Debug|Any CPU.ActiveCfg = Debug|Any CPU
		{66D5603A-45B3-48E5-B650-FD3F5F01BF9F}.Debug|Any CPU.Build.0 = Debug|Any CPU
		{66D5603A-45B3-48E5-B650-FD3F5F01BF9F}.Release|Any CPU.ActiveCfg = Release|Any CPU
		{66D5603A-45B3-48E5-B650-FD3F5F01BF9F}.Release|Any CPU.Build.0 = Release|Any CPU
		{7E06C767-87E2-4FF7-BC03-5600828543D7}.Debug|Any CPU.ActiveCfg = Debug|Any CPU
		{7E06C767-87E2-4FF7-BC03-5600828543D7}.Debug|Any CPU.Build.0 = Debug|Any CPU
		{7E06C767-87E2-4FF7-BC03-5600828543D7}.Release|Any CPU.ActiveCfg = Release|Any CPU
		{7E06C767-87E2-4FF7-BC03-5600828543D7}.Release|Any CPU.Build.0 = Release|Any CPU
		{B265A679-797C-4CB5-88DE-7940FC7E2E52}.Debug|Any CPU.ActiveCfg = Debug|Any CPU
		{B265A679-797C-4CB5-88DE-7940FC7E2E52}.Debug|Any CPU.Build.0 = Debug|Any CPU
		{B265A679-797C-4CB5-88DE-7940FC7E2E52}.Release|Any CPU.ActiveCfg = Release|Any CPU
		{B265A679-797C-4CB5-88DE-7940FC7E2E52}.Release|Any CPU.Build.0 = Release|Any CPU
	EndGlobalSection
	GlobalSection(SolutionProperties) = preSolution
		HideSolutionNode = FALSE
	EndGlobalSection
	GlobalSection(NestedProjects) = preSolution
		{DA4F292B-D8F0-44A1-8171-5F92194F9F14} = {02EA681E-C7D8-13C7-8484-4AC65E1B71E8}
		{0A3BD7C0-7768-475D-A6E1-37A4F5C5F593} = {02EA681E-C7D8-13C7-8484-4AC65E1B71E8}
		{5883FADC-9250-438F-8B3F-5767A5D9C270} = {02EA681E-C7D8-13C7-8484-4AC65E1B71E8}
		{DDA00602-E2BE-4FDC-9362-F880329B00E7} = {02EA681E-C7D8-13C7-8484-4AC65E1B71E8}
		{F4926E7B-659C-4D87-8BA5-D299A7CEB843} = {02EA681E-C7D8-13C7-8484-4AC65E1B71E8}
		{2AA683F4-EBE9-4048-BD70-8134A9C3C8D5} = {D4322CE5-E488-400B-940B-80E161D2AC79}
		{D4B1DCEA-1E20-490E-B491-B76749DE95B4} = {D4322CE5-E488-400B-940B-80E161D2AC79}
		{C366CC76-FABE-424E-85A5-CA37C16C3EDB} = {D4322CE5-E488-400B-940B-80E161D2AC79}
		{74DF6086-367B-438F-943B-AF41BB4B2858} = {D4322CE5-E488-400B-940B-80E161D2AC79}
		{897DDAE2-9397-4CB2-B0CD-2FDAE7C4964D} = {02EA681E-C7D8-13C7-8484-4AC65E1B71E8}
		{66D5603A-45B3-48E5-B650-FD3F5F01BF9F} = {D4322CE5-E488-400B-940B-80E161D2AC79}
		{7E06C767-87E2-4FF7-BC03-5600828543D7} = {D4322CE5-E488-400B-940B-80E161D2AC79}
	EndGlobalSection
	GlobalSection(ExtensibilityGlobals) = postSolution
		SolutionGuid = {A15A39EA-4F1B-4DFD-9EDC-76FFF5B3E32D}
	EndGlobalSection
EndGlobal
